
Microsoft Visual Studio Solution File, Format Version 12.00
# Visual Studio 15
VisualStudioVersion = 15.0.28010.2026
MinimumVisualStudioVersion = 10.0.40219.1
Project("{F184B08F-C81C-45F6-A57F-5ABD9991F28F}") = "H12oef1", "H12oef1\H12oef1.vbproj", "{7593F9CF-2D98-45E0-9AC3-62AC1D0DB882}"
EndProject
Global
	GlobalSection(SolutionConfigurationPlatforms) = preSolution
		Debug|Any CPU = Debug|Any CPU
		Release|Any CPU = Release|Any CPU
	EndGlobalSection
	GlobalSection(ProjectConfigurationPlatforms) = postSolution
		{7593F9CF-2D98-45E0-9AC3-62AC1D0DB882}.Debug|Any CPU.ActiveCfg = Debug|Any CPU
		{7593F9CF-2D98-45E0-9AC3-62AC1D0DB882}.Debug|Any CPU.Build.0 = Debug|Any CPU
		{7593F9CF-2D98-45E0-9AC3-62AC1D0DB882}.Release|Any CPU.ActiveCfg = Release|Any CPU
		{7593F9CF-2D98-45E0-9AC3-62AC1D0DB882}.Release|Any CPU.Build.0 = Release|Any CPU
	EndGlobalSection
	GlobalSection(SolutionProperties) = preSolution
		HideSolutionNode = FALSE
	EndGlobalSection
	GlobalSection(ExtensibilityGlobals) = postSolution
		SolutionGuid = {34999223-F45A-417D-AF3F-CD1378341FFA}
	EndGlobalSection
EndGlobal
